
Microsoft Visual Studio Solution File, Format Version 12.00
# Visual Studio 14
VisualStudioVersion = 14.0.23107.0
MinimumVisualStudioVersion = 10.0.40219.1
Project("{FAE04EC0-301F-11D3-BF4B-00C04F79EFBC}") = "DataExtract", "DataExtract\DataExtract.csproj", "{283F9008-7831-4064-8AF7-A681141357C0}"
EndProject
Project("{FAE04EC0-301F-11D3-BF4B-00C04F79EFBC}") = "DataExtract.UnitTest", "DataExtract.UnitTest\DataExtract.UnitTest.csproj", "{F67328F2-2361-490F-89E0-8FD959CCA9A2}"
EndProject
Global
	GlobalSection(SolutionConfigurationPlatforms) = preSolution
		Debug|Any CPU = Debug|Any CPU
		Release|Any CPU = Release|Any CPU
	EndGlobalSection
	GlobalSection(ProjectConfigurationPlatforms) = postSolution
		{283F9008-7831-4064-8AF7-A681141357C0}.Debug|Any CPU.ActiveCfg = Debug|Any CPU
		{283F9008-7831-4064-8AF7-A681141357C0}.Debug|Any CPU.Build.0 = Debug|Any CPU
		{283F9008-7831-4064-8AF7-A681141357C0}.Release|Any CPU.ActiveCfg = Release|Any CPU
		{283F9008-7831-4064-8AF7-A681141357C0}.Release|Any CPU.Build.0 = Release|Any CPU
		{F67328F2-2361-490F-89E0-8FD959CCA9A2}.Debug|Any CPU.ActiveCfg = Debug|Any CPU
		{F67328F2-2361-490F-89E0-8FD959CCA9A2}.Debug|Any CPU.Build.0 = Debug|Any CPU
		{F67328F2-2361-490F-89E0-8FD959CCA9A2}.Release|Any CPU.ActiveCfg = Release|Any CPU
		{F67328F2-2361-490F-89E0-8FD959CCA9A2}.Release|Any CPU.Build.0 = Release|Any CPU
	EndGlobalSection
	GlobalSection(SolutionProperties) = preSolution
		HideSolutionNode = FALSE
	EndGlobalSection
EndGlobal
